// !$*UTF8*$!
{
	archiveVersion = 1;
	classes = {
	};
	objectVersion = 46;
	objects = {

/* Begin PBXBuildFile section */
		14130D638910E528BEF49EA4 /* Foundation.framework in Frameworks */ = {isa = PBXBuildFile; fileRef = 4D910078B9B49C6E071776A3 /* Foundation.framework */; };
		94F4B2001F7EB2F000058BD3 /* ModelConfigurable.swift in Sources */ = {isa = PBXBuildFile; fileRef = 94F4B1FE1F7EB2EB00058BD3 /* ModelConfigurable.swift */; };
		94F4B2011F7EB2F000058BD3 /* ModelDependable.swift in Sources */ = {isa = PBXBuildFile; fileRef = 94F4B1FF1F7EB2EB00058BD3 /* ModelDependable.swift */; };
		94F4B20A1F7EB47000058BD3 /* ModelDependableViewCtrl.swift in Sources */ = {isa = PBXBuildFile; fileRef = 94F4B2091F7EB46A00058BD3 /* ModelDependableViewCtrl.swift */; };
/* End PBXBuildFile section */

/* Begin PBXCopyFilesBuildPhase section */
		E6ABC73F8561EF8E03A557C8 /* Embed Frameworks */ = {
			isa = PBXCopyFilesBuildPhase;
			buildActionMask = 2147483647;
			dstPath = "";
			dstSubfolderSpec = 10;
			files = (
			);
			name = "Embed Frameworks";
			runOnlyForDeploymentPostprocessing = 0;
		};
/* End PBXCopyFilesBuildPhase section */

/* Begin PBXFileReference section */
		4D910078B9B49C6E071776A3 /* Foundation.framework */ = {isa = PBXFileReference; lastKnownFileType = wrapper.framework; name = Foundation.framework; path = Platforms/iPhoneOS.platform/Developer/SDKs/iPhoneOS10.3.sdk/System/Library/Frameworks/Foundation.framework; sourceTree = DEVELOPER_DIR; };
		94F4B1FE1F7EB2EB00058BD3 /* ModelConfigurable.swift */ = {isa = PBXFileReference; lastKnownFileType = sourcecode.swift; path = ModelConfigurable.swift; sourceTree = "<group>"; };
		94F4B1FF1F7EB2EB00058BD3 /* ModelDependable.swift */ = {isa = PBXFileReference; lastKnownFileType = sourcecode.swift; path = ModelDependable.swift; sourceTree = "<group>"; };
		94F4B2091F7EB46A00058BD3 /* ModelDependableViewCtrl.swift */ = {isa = PBXFileReference; lastKnownFileType = sourcecode.swift; path = ModelDependableViewCtrl.swift; sourceTree = "<group>"; };
		AB165156BE5A43F18AB27E6C /* Fwk.framework */ = {isa = PBXFileReference; explicitFileType = wrapper.framework; includeInIndex = 0; name = Fwk.framework; path = XCEModelDependable.framework; sourceTree = BUILT_PRODUCTS_DIR; };
/* End PBXFileReference section */

/* Begin PBXFrameworksBuildPhase section */
		4071D9FC5E8F9F0FFB6CFA72 /* Frameworks */ = {
			isa = PBXFrameworksBuildPhase;
			buildActionMask = 2147483647;
			files = (
				14130D638910E528BEF49EA4 /* Foundation.framework in Frameworks */,
			);
			runOnlyForDeploymentPostprocessing = 0;
		};
/* End PBXFrameworksBuildPhase section */

/* Begin PBXGroup section */
		16FEED87689F2D6F37C2C63F /* Products */ = {
			isa = PBXGroup;
			children = (
				AB165156BE5A43F18AB27E6C /* Fwk.framework */,
			);
			name = Products;
			sourceTree = "<group>";
		};
		74BF60485529795AD8DD707C = {
			isa = PBXGroup;
			children = (
				86F92BA1B5B98F6B1A33E450 /* Frameworks */,
				16FEED87689F2D6F37C2C63F /* Products */,
				9CEC417CE8DAF045B69BCC27 /* Sources */,
			);
			sourceTree = "<group>";
		};
		86F92BA1B5B98F6B1A33E450 /* Frameworks */ = {
			isa = PBXGroup;
			children = (
				A296ACD48B3CD87153FAA1C9 /* $local */,
				8984E66F847EC52CD4566A23 /* iOS */,
			);
			name = Frameworks;
			sourceTree = "<group>";
		};
		8984E66F847EC52CD4566A23 /* iOS */ = {
			isa = PBXGroup;
			children = (
				4D910078B9B49C6E071776A3 /* Foundation.framework */,
			);
			name = iOS;
			sourceTree = "<group>";
		};
		94F4B1FD1F7EB2EB00058BD3 /* Core */ = {
			isa = PBXGroup;
			children = (
				94F4B1FE1F7EB2EB00058BD3 /* ModelConfigurable.swift */,
				94F4B1FF1F7EB2EB00058BD3 /* ModelDependable.swift */,
			);
			path = Core;
			sourceTree = "<group>";
		};
		94F4B2081F7EB46A00058BD3 /* UIKit */ = {
			isa = PBXGroup;
			children = (
				94F4B2091F7EB46A00058BD3 /* ModelDependableViewCtrl.swift */,
			);
			path = UIKit;
			sourceTree = "<group>";
		};
		9CEC417CE8DAF045B69BCC27 /* Sources */ = {
			isa = PBXGroup;
			children = (
				94F4B1FD1F7EB2EB00058BD3 /* Core */,
				94F4B2081F7EB46A00058BD3 /* UIKit */,
			);
			path = Sources;
			sourceTree = SOURCE_ROOT;
		};
		A296ACD48B3CD87153FAA1C9 /* $local */ = {
			isa = PBXGroup;
			children = (
			);
			name = $local;
			sourceTree = "<group>";
		};
/* End PBXGroup section */

/* Begin PBXNativeTarget section */
		654E7620FA784E5D55D7B2B5 /* Fwk */ = {
			isa = PBXNativeTarget;
			buildConfigurationList = 959C44A33F9F7CD3FCB7FAD5 /* Build configuration list for PBXNativeTarget "Fwk" */;
			buildPhases = (
				E6C85B6BC8A446FA46F9B30B /* SwiftLint */,
				33939B85E2238A6CF4CAF699 /* Sources */,
				4071D9FC5E8F9F0FFB6CFA72 /* Frameworks */,
				E6ABC73F8561EF8E03A557C8 /* Embed Frameworks */,
			);
			buildRules = (
			);
			dependencies = (
			);
			name = Fwk;
			productName = Fwk;
			productReference = AB165156BE5A43F18AB27E6C /* Fwk.framework */;
			productType = "com.apple.product-type.framework";
		};
/* End PBXNativeTarget section */

/* Begin PBXProject section */
		C1638A18E1DCFE27539AE560 /* Project object */ = {
			isa = PBXProject;
			attributes = {
				LastSwiftUpdateCheck = 0830;
				LastUpgradeCheck = 0700;
				Struct.Version = 2.1.0;
			};
			buildConfigurationList = 4E15E1B3145F9C753D036DA0 /* Build configuration list for PBXProject "Main" */;
			compatibilityVersion = "Xcode 3.2";
			developmentRegion = English;
			hasScannedForEncodings = 0;
			knownRegions = (
				en,
			);
			mainGroup = 74BF60485529795AD8DD707C;
			productRefGroup = 16FEED87689F2D6F37C2C63F /* Products */;
			projectDirPath = "";
			projectRoot = "";
			targets = (
				654E7620FA784E5D55D7B2B5 /* Fwk */,
			);
		};
/* End PBXProject section */

/* Begin PBXShellScriptBuildPhase section */
		E6C85B6BC8A446FA46F9B30B /* SwiftLint */ = {
			isa = PBXShellScriptBuildPhase;
			buildActionMask = 2147483647;
			files = (
			);
			inputPaths = (
			);
			name = SwiftLint;
			outputPaths = (
			);
			runOnlyForDeploymentPostprocessing = 0;
			shellPath = /bin/sh;
			shellScript = "if which swiftlint >/dev/null; then\n    swiftlint\nelse\n    echo \"warning: SwiftLint not installed, download from https://github.com/realm/SwiftLint\"\nfi";
		};
/* End PBXShellScriptBuildPhase section */

/* Begin PBXSourcesBuildPhase section */
		33939B85E2238A6CF4CAF699 /* Sources */ = {
			isa = PBXSourcesBuildPhase;
			buildActionMask = 2147483647;
			files = (
				94F4B2001F7EB2F000058BD3 /* ModelConfigurable.swift in Sources */,
				94F4B2011F7EB2F000058BD3 /* ModelDependable.swift in Sources */,
				94F4B20A1F7EB47000058BD3 /* ModelDependableViewCtrl.swift in Sources */,
			);
			runOnlyForDeploymentPostprocessing = 0;
		};
/* End PBXSourcesBuildPhase section */

/* Begin XCBuildConfiguration section */
		60C5342B94252491C9210E05 /* Release */ = {
			isa = XCBuildConfiguration;
			buildSettings = {
				ALWAYS_SEARCH_USER_PATHS = NO;
				CLANG_ANALYZER_NONNULL = YES;
				CLANG_CXX_LANGUAGE_STANDARD = "gnu++0x";
				CLANG_CXX_LIBRARY = "libc++";
				CLANG_ENABLE_MODULES = YES;
				CLANG_ENABLE_OBJC_ARC = YES;
				CLANG_WARN_BOOL_CONVERSION = YES;
				CLANG_WARN_CONSTANT_CONVERSION = YES;
				CLANG_WARN_DIRECT_OBJC_ISA_USAGE = YES_ERROR;
				CLANG_WARN_DOCUMENTATION_COMMENTS = YES;
				CLANG_WARN_EMPTY_BODY = YES;
				CLANG_WARN_ENUM_CONVERSION = YES;
				CLANG_WARN_INFINITE_RECURSION = YES;
				CLANG_WARN_INT_CONVERSION = YES;
				CLANG_WARN_OBJC_ROOT_CLASS = YES_ERROR;
				CLANG_WARN_SUSPICIOUS_MOVE = YES;
				CLANG_WARN_SUSPICIOUS_MOVES = YES;
				CLANG_WARN_UNREACHABLE_CODE = YES;
				CLANG_WARN__DUPLICATE_METHOD_MATCH = YES;
				CODE_SIGN_IDENTITY = "-";
				"CODE_SIGN_IDENTITY[sdk=iphoneos*]" = "";
				COPY_PHASE_STRIP = NO;
				CURRENT_PROJECT_VERSION = 1;
				DEBUG_INFORMATION_FORMAT = "dwarf-with-dsym";
				ENABLE_NS_ASSERTIONS = NO;
				ENABLE_STRICT_OBJC_MSGSEND = YES;
				GCC_C_LANGUAGE_STANDARD = gnu99;
				GCC_NO_COMMON_BLOCKS = YES;
				GCC_WARN_64_TO_32_BIT_CONVERSION = YES;
				GCC_WARN_ABOUT_RETURN_TYPE = YES_ERROR;
				GCC_WARN_UNDECLARED_SELECTOR = YES;
				GCC_WARN_UNINITIALIZED_AUTOS = YES_AGGRESSIVE;
				GCC_WARN_UNUSED_FUNCTION = YES;
				GCC_WARN_UNUSED_VARIABLE = YES;
				IPHONEOS_DEPLOYMENT_TARGET = 8.0;
				MTL_ENABLE_DEBUG_INFO = NO;
				SWIFT_OPTIMIZATION_LEVEL = "-Owholemodule";
				SWIFT_VERSION = 3.0;
				VALIDATE_PRODUCT = YES;
				VERSIONING_SYSTEM = "apple-generic";
			};
			name = Release;
		};
		965E4C7B748853059F79F9BC /* Release */ = {
			isa = XCBuildConfiguration;
			buildSettings = {
				ALWAYS_EMBED_SWIFT_STANDARD_LIBRARIES = "$(inherited)";
				CURRENT_PROJECT_VERSION = 1;
				DEFINES_MODULE = NO;
				ENABLE_TESTABILITY = YES;
				INFOPLIST_FILE = Info/Fwk.plist;
				INSTALL_PATH = "$(LOCAL_LIBRARY_DIR)/Frameworks";
				IPHONEOS_DEPLOYMENT_TARGET = 8.0;
				LD_RUNPATH_SEARCH_PATHS = "$(inherited) @executable_path/Frameworks";
				PRODUCT_BUNDLE_IDENTIFIER = io.XCEssentials.ModelDependable;
				PRODUCT_NAME = XCEModelDependable;
				SDKROOT = iphoneos;
				SKIP_INSTALL = YES;
				SWIFT_VERSION = 3.0;
				TARGETED_DEVICE_FAMILY = "1,2";
				VERSIONING_SYSTEM = "apple-generic";
				VERSION_INFO_PREFIX = "";
			};
			name = Release;
		};
		D0C649D2293365D7076D1B48 /* Debug */ = {
			isa = XCBuildConfiguration;
			buildSettings = {
				ALWAYS_SEARCH_USER_PATHS = NO;
				CLANG_ANALYZER_NONNULL = YES;
				CLANG_CXX_LANGUAGE_STANDARD = "gnu++0x";
				CLANG_CXX_LIBRARY = "libc++";
				CLANG_ENABLE_MODULES = YES;
				CLANG_ENABLE_OBJC_ARC = YES;
				CLANG_WARN_BOOL_CONVERSION = YES;
				CLANG_WARN_CONSTANT_CONVERSION = YES;
				CLANG_WARN_DIRECT_OBJC_ISA_USAGE = YES_ERROR;
				CLANG_WARN_DOCUMENTATION_COMMENTS = YES;
				CLANG_WARN_EMPTY_BODY = YES;
				CLANG_WARN_ENUM_CONVERSION = YES;
				CLANG_WARN_INFINITE_RECURSION = YES;
				CLANG_WARN_INT_CONVERSION = YES;
				CLANG_WARN_OBJC_ROOT_CLASS = YES_ERROR;
				CLANG_WARN_SUSPICIOUS_MOVE = YES;
				CLANG_WARN_SUSPICIOUS_MOVES = YES;
				CLANG_WARN_UNREACHABLE_CODE = YES;
				CLANG_WARN__DUPLICATE_METHOD_MATCH = YES;
				CODE_SIGN_IDENTITY = "-";
				"CODE_SIGN_IDENTITY[sdk=iphoneos*]" = "";
				COPY_PHASE_STRIP = NO;
				CURRENT_PROJECT_VERSION = 1;
				DEBUG_INFORMATION_FORMAT = dwarf;
				ENABLE_STRICT_OBJC_MSGSEND = YES;
				ENABLE_TESTABILITY = YES;
				GCC_C_LANGUAGE_STANDARD = gnu99;
				GCC_DYNAMIC_NO_PIC = NO;
				GCC_NO_COMMON_BLOCKS = YES;
				GCC_OPTIMIZATION_LEVEL = 0;
				GCC_PREPROCESSOR_DEFINITIONS = (
					"DEBUG=1",
					"$(inherited)",
				);
				GCC_WARN_64_TO_32_BIT_CONVERSION = YES;
				GCC_WARN_ABOUT_RETURN_TYPE = YES_ERROR;
				GCC_WARN_UNDECLARED_SELECTOR = YES;
				GCC_WARN_UNINITIALIZED_AUTOS = YES_AGGRESSIVE;
				GCC_WARN_UNUSED_FUNCTION = YES;
				GCC_WARN_UNUSED_VARIABLE = YES;
				IPHONEOS_DEPLOYMENT_TARGET = 8.0;
				MTL_ENABLE_DEBUG_INFO = YES;
				ONLY_ACTIVE_ARCH = YES;
				SWIFT_ACTIVE_COMPILATION_CONDITIONS = DEBUG;
				SWIFT_OPTIMIZATION_LEVEL = "-Onone";
				SWIFT_VERSION = 3.0;
				VERSIONING_SYSTEM = "apple-generic";
			};
			name = Debug;
		};
		F71AE21BDF3809AAD35B5D69 /* Debug */ = {
			isa = XCBuildConfiguration;
			buildSettings = {
				ALWAYS_EMBED_SWIFT_STANDARD_LIBRARIES = "$(inherited)";
				CURRENT_PROJECT_VERSION = 1;
				DEFINES_MODULE = NO;
				ENABLE_TESTABILITY = YES;
				INFOPLIST_FILE = Info/Fwk.plist;
				INSTALL_PATH = "$(LOCAL_LIBRARY_DIR)/Frameworks";
				IPHONEOS_DEPLOYMENT_TARGET = 8.0;
				LD_RUNPATH_SEARCH_PATHS = "$(inherited) @executable_path/Frameworks";
				MTL_ENABLE_DEBUG_INFO = true;
				PRODUCT_BUNDLE_IDENTIFIER = io.XCEssentials.ModelDependable;
				PRODUCT_NAME = XCEModelDependable;
				SDKROOT = iphoneos;
				SKIP_INSTALL = YES;
				SWIFT_VERSION = 3.0;
				TARGETED_DEVICE_FAMILY = "1,2";
				VERSIONING_SYSTEM = "apple-generic";
				VERSION_INFO_PREFIX = "";
			};
			name = Debug;
		};
/* End XCBuildConfiguration section */

/* Begin XCConfigurationList section */
		4E15E1B3145F9C753D036DA0 /* Build configuration list for PBXProject "Main" */ = {
			isa = XCConfigurationList;
			buildConfigurations = (
				D0C649D2293365D7076D1B48 /* Debug */,
				60C5342B94252491C9210E05 /* Release */,
			);
			defaultConfigurationIsVisible = 0;
			defaultConfigurationName = Debug;
		};
		959C44A33F9F7CD3FCB7FAD5 /* Build configuration list for PBXNativeTarget "Fwk" */ = {
			isa = XCConfigurationList;
			buildConfigurations = (
				F71AE21BDF3809AAD35B5D69 /* Debug */,
				965E4C7B748853059F79F9BC /* Release */,
			);
			defaultConfigurationIsVisible = 0;
			defaultConfigurationName = Release;
		};
/* End XCConfigurationList section */
	};
	rootObject = C1638A18E1DCFE27539AE560 /* Project object */;
}
